
Microsoft Visual Studio Solution File, Format Version 12.00
Project("{FAE04EC0-301F-11D3-BF4B-00C04F79EFBC}") = "OOP_DesignPatterns_Project3", "OOP_DesignPatterns_Project3\OOP_DesignPatterns_Project3.csproj", "{E240C6F5-D733-45BD-83FE-ECAC3CAF88E6}"
EndProject
Project("{FAE04EC0-301F-11D3-BF4B-00C04F79EFBC}") = "Tests", "Tests\Tests.csproj", "{4D66067C-9C96-4618-ACE6-6448CAFB012F}"
EndProject
Global
	GlobalSection(SolutionConfigurationPlatforms) = preSolution
		Debug|Any CPU = Debug|Any CPU
		Release|Any CPU = Release|Any CPU
	EndGlobalSection
	GlobalSection(ProjectConfigurationPlatforms) = postSolution
		{E240C6F5-D733-45BD-83FE-ECAC3CAF88E6}.Debug|Any CPU.ActiveCfg = Debug|Any CPU
		{E240C6F5-D733-45BD-83FE-ECAC3CAF88E6}.Debug|Any CPU.Build.0 = Debug|Any CPU
		{E240C6F5-D733-45BD-83FE-ECAC3CAF88E6}.Release|Any CPU.ActiveCfg = Release|Any CPU
		{E240C6F5-D733-45BD-83FE-ECAC3CAF88E6}.Release|Any CPU.Build.0 = Release|Any CPU
		{4D66067C-9C96-4618-ACE6-6448CAFB012F}.Debug|Any CPU.ActiveCfg = Debug|Any CPU
		{4D66067C-9C96-4618-ACE6-6448CAFB012F}.Debug|Any CPU.Build.0 = Debug|Any CPU
		{4D66067C-9C96-4618-ACE6-6448CAFB012F}.Release|Any CPU.ActiveCfg = Release|Any CPU
		{4D66067C-9C96-4618-ACE6-6448CAFB012F}.Release|Any CPU.Build.0 = Release|Any CPU
	EndGlobalSection
EndGlobal
